
Microsoft Visual Studio Solution File, Format Version 12.00
# Visual Studio Version 17
VisualStudioVersion = 17.1.32421.90
MinimumVisualStudioVersion = 10.0.40219.1
Project("{9A19103F-16F7-4668-BE54-9A1E7A4F7556}") = "TestGraph", "TestGraph\TestGraph.csproj", "{74D2C787-BAC2-405E-832E-D7512853120E}"
EndProject
Project("{9A19103F-16F7-4668-BE54-9A1E7A4F7556}") = "GraphLibrary", "GraphLibrary\GraphLibrary.csproj", "{508E475E-2B3A-4A93-9FF8-FD2EC37ACD07}"
EndProject
Global
	GlobalSection(SolutionConfigurationPlatforms) = preSolution
		Debug|Any CPU = Debug|Any CPU
		Release|Any CPU = Release|Any CPU
	EndGlobalSection
	GlobalSection(ProjectConfigurationPlatforms) = postSolution
		{74D2C787-BAC2-405E-832E-D7512853120E}.Debug|Any CPU.ActiveCfg = Debug|Any CPU
		{74D2C787-BAC2-405E-832E-D7512853120E}.Debug|Any CPU.Build.0 = Debug|Any CPU
		{74D2C787-BAC2-405E-832E-D7512853120E}.Release|Any CPU.ActiveCfg = Release|Any CPU
		{74D2C787-BAC2-405E-832E-D7512853120E}.Release|Any CPU.Build.0 = Release|Any CPU
		{508E475E-2B3A-4A93-9FF8-FD2EC37ACD07}.Debug|Any CPU.ActiveCfg = Debug|Any CPU
		{508E475E-2B3A-4A93-9FF8-FD2EC37ACD07}.Debug|Any CPU.Build.0 = Debug|Any CPU
		{508E475E-2B3A-4A93-9FF8-FD2EC37ACD07}.Release|Any CPU.ActiveCfg = Release|Any CPU
		{508E475E-2B3A-4A93-9FF8-FD2EC37ACD07}.Release|Any CPU.Build.0 = Release|Any CPU
	EndGlobalSection
	GlobalSection(SolutionProperties) = preSolution
		HideSolutionNode = FALSE
	EndGlobalSection
	GlobalSection(ExtensibilityGlobals) = postSolution
		SolutionGuid = {B01ED584-8D79-4880-BC66-8119C7C7D359}
	EndGlobalSection
EndGlobal
